hash: 6a780ffdc7c7fd96059df1f405efda88fc6b49de840c1cac8581070099ffbc58
updated: 2018-03-20T00:59:46.484685+05:30
imports:
- name: github.com/aws/aws-lambda-go
  version: fafa7e49388b8991caf99308e80655ba91816b72
  subpackages:
  - lambda
  - lambda/messages
  - lambdacontext
- name: github.com/aws/aws-sdk-go
  version: f0872da8a448f8cb10f4f0c95c2100e4f7356448
  subpackages:
  - aws
  - aws/awserr
  - aws/awsutil
  - aws/client
  - aws/client/metadata
  - aws/corehandlers
  - aws/credentials
  - aws/credentials/ec2rolecreds
  - aws/credentials/endpointcreds
  - aws/credentials/stscreds
  - aws/defaults
  - aws/ec2metadata
  - aws/endpoints
  - aws/request
  - aws/session
  - aws/signer/v4
  - internal/sdkio
  - internal/sdkrand
  - internal/shareddefaults
  - private/protocol
  - private/protocol/query
  - private/protocol/query/queryutil
  - private/protocol/rest
  - private/protocol/restxml
  - private/protocol/xml/xmlutil
  - service/s3
  - service/sqs
  - service/sts
- name: github.com/go-ini/ini
  version: 6ecc596bd756a16c6e93e4ef9225ecdb9f54ed2c
- name: github.com/jmespath/go-jmespath
  version: c2b33e8439af944379acbdd9c3a5fe0bc44bd8a5
testImports: []
